
Microsoft Visual Studio Solution File, Format Version 12.00
# Visual Studio Version 17
VisualStudioVersion = 17.12.35506.116
MinimumVisualStudioVersion = 10.0.40219.1
Project("{FAE04EC0-301F-11D3-BF4B-00C04F79EFBC}") = "EversayApi", "EversayApi\EversayApi.csproj", "{FC0180B5-679D-4996-8897-C3BD578FDA63}"
EndProject
Project("{FAE04EC0-301F-11D3-BF4B-00C04F79EFBC}") = "Modules.EventLib", "Event lib\Modules.EventLib.csproj", "{A39150CE-878B-4C8D-8D13-BA1591087426}"
EndProject
Project("{FAE04EC0-301F-11D3-BF4B-00C04F79EFBC}") = "Modules.UserLib", "User lib\Modules.UserLib.csproj", "{C2EB6E31-979C-4928-8B06-34BD9D18EEEB}"
EndProject
Project("{FAE04EC0-301F-11D3-BF4B-00C04F79EFBC}") = "Modules.MessageLib", "Message lib\Modules.MessageLib.csproj", "{B4508EF6-4382-4373-A825-47732F8E2F44}"
EndProject
Global
	GlobalSection(SolutionConfigurationPlatforms) = preSolution
		Debug|Any CPU = Debug|Any CPU
		Release|Any CPU = Release|Any CPU
	EndGlobalSection
	GlobalSection(ProjectConfigurationPlatforms) = postSolution
		{FC0180B5-679D-4996-8897-C3BD578FDA63}.Debug|Any CPU.ActiveCfg = Debug|Any CPU
		{FC0180B5-679D-4996-8897-C3BD578FDA63}.Debug|Any CPU.Build.0 = Debug|Any CPU
		{FC0180B5-679D-4996-8897-C3BD578FDA63}.Release|Any CPU.ActiveCfg = Release|Any CPU
		{FC0180B5-679D-4996-8897-C3BD578FDA63}.Release|Any CPU.Build.0 = Release|Any CPU
		{A39150CE-878B-4C8D-8D13-BA1591087426}.Debug|Any CPU.ActiveCfg = Debug|Any CPU
		{A39150CE-878B-4C8D-8D13-BA1591087426}.Debug|Any CPU.Build.0 = Debug|Any CPU
		{A39150CE-878B-4C8D-8D13-BA1591087426}.Release|Any CPU.ActiveCfg = Release|Any CPU
		{A39150CE-878B-4C8D-8D13-BA1591087426}.Release|Any CPU.Build.0 = Release|Any CPU
		{C2EB6E31-979C-4928-8B06-34BD9D18EEEB}.Debug|Any CPU.ActiveCfg = Debug|Any CPU
		{C2EB6E31-979C-4928-8B06-34BD9D18EEEB}.Debug|Any CPU.Build.0 = Debug|Any CPU
		{C2EB6E31-979C-4928-8B06-34BD9D18EEEB}.Release|Any CPU.ActiveCfg = Release|Any CPU
		{C2EB6E31-979C-4928-8B06-34BD9D18EEEB}.Release|Any CPU.Build.0 = Release|Any CPU
		{B4508EF6-4382-4373-A825-47732F8E2F44}.Debug|Any CPU.ActiveCfg = Debug|Any CPU
		{B4508EF6-4382-4373-A825-47732F8E2F44}.Debug|Any CPU.Build.0 = Debug|Any CPU
		{B4508EF6-4382-4373-A825-47732F8E2F44}.Release|Any CPU.ActiveCfg = Release|Any CPU
		{B4508EF6-4382-4373-A825-47732F8E2F44}.Release|Any CPU.Build.0 = Release|Any CPU
	EndGlobalSection
	GlobalSection(SolutionProperties) = preSolution
		HideSolutionNode = FALSE
	EndGlobalSection
EndGlobal
